
Microsoft Visual Studio Solution File, Format Version 12.00
# Visual Studio Version 16
VisualStudioVersion = 16.0.30309.148
MinimumVisualStudioVersion = 10.0.40219.1
Project("{FAE04EC0-301F-11D3-BF4B-00C04F79EFBC}") = "BikeShopApp", "BikeShopApp\BikeShopApp.csproj", "{EF8A2B6C-A458-46F6-9BD5-158B878F7099}"
EndProject
Project("{FAE04EC0-301F-11D3-BF4B-00C04F79EFBC}") = "WpfMVVmApp", "WpfMVVmApp\WpfMVVmApp.csproj", "{5F2021FD-BF0A-41A9-BBB4-196C7A0604C1}"
EndProject
Global
	GlobalSection(SolutionConfigurationPlatforms) = preSolution
		Debug|Any CPU = Debug|Any CPU
		Release|Any CPU = Release|Any CPU
	EndGlobalSection
	GlobalSection(ProjectConfigurationPlatforms) = postSolution
		{EF8A2B6C-A458-46F6-9BD5-158B878F7099}.Debug|Any CPU.ActiveCfg = Debug|Any CPU
		{EF8A2B6C-A458-46F6-9BD5-158B878F7099}.Debug|Any CPU.Build.0 = Debug|Any CPU
		{EF8A2B6C-A458-46F6-9BD5-158B878F7099}.Release|Any CPU.ActiveCfg = Release|Any CPU
		{EF8A2B6C-A458-46F6-9BD5-158B878F7099}.Release|Any CPU.Build.0 = Release|Any CPU
		{5F2021FD-BF0A-41A9-BBB4-196C7A0604C1}.Debug|Any CPU.ActiveCfg = Debug|Any CPU
		{5F2021FD-BF0A-41A9-BBB4-196C7A0604C1}.Debug|Any CPU.Build.0 = Debug|Any CPU
		{5F2021FD-BF0A-41A9-BBB4-196C7A0604C1}.Release|Any CPU.ActiveCfg = Release|Any CPU
		{5F2021FD-BF0A-41A9-BBB4-196C7A0604C1}.Release|Any CPU.Build.0 = Release|Any CPU
	EndGlobalSection
	GlobalSection(SolutionProperties) = preSolution
		HideSolutionNode = FALSE
	EndGlobalSection
	GlobalSection(ExtensibilityGlobals) = postSolution
		SolutionGuid = {398F6744-F63B-4BBF-B278-4EAA627DA1AE}
	EndGlobalSection
EndGlobal
