
Microsoft Visual Studio Solution File, Format Version 12.00
# Visual Studio Version 16
VisualStudioVersion = 16.0.30225.117
MinimumVisualStudioVersion = 10.0.40219.1
Project("{FAE04EC0-301F-11D3-BF4B-00C04F79EFBC}") = "IntegralTypes", "IntegralTypes\IntegralTypes.csproj", "{52B642BD-B1A8-4FC5-9E6F-357388C2829E}"
EndProject
Project("{FAE04EC0-301F-11D3-BF4B-00C04F79EFBC}") = "BoxingUnboxing", "BoxingUnboxing\BoxingUnboxing.csproj", "{818B6F45-FF64-445B-B3CB-FB4671D46681}"
EndProject
Project("{FAE04EC0-301F-11D3-BF4B-00C04F79EFBC}") = "IntegralConversion", "IntegralConversion\IntegralConversion.csproj", "{AC3CA1BC-4878-4100-91B5-CDF18AE25A68}"
EndProject
Project("{2150E333-8FDC-42A3-9474-1A3956D46DE8}") = "Chap03", "Chap03", "{330E4299-C1BF-44EC-ADC8-876CF4960FB4}"
EndProject
Project("{9A19103F-16F7-4668-BE54-9A1E7A4F7556}") = "StringNumberConversion", "StringNumberConversion\StringNumberConversion.csproj", "{D6D842E3-10AD-444D-B7DF-A66E5D1F889F}"
EndProject
Project("{FAE04EC0-301F-11D3-BF4B-00C04F79EFBC}") = "EnumApp", "EnumApp\EnumApp.csproj", "{571BDA8B-4E65-4853-BA2F-21983369A929}"
EndProject
Project("{9A19103F-16F7-4668-BE54-9A1E7A4F7556}") = "NullableApp", "NullableApp\NullableApp.csproj", "{36691230-43ED-470A-928A-8498386C2B13}"
EndProject
Project("{2150E333-8FDC-42A3-9474-1A3956D46DE8}") = "Appendix A", "Appendix A", "{EA201A2D-7FB0-481F-96F9-88958951BA5B}"
EndProject
Project("{FAE04EC0-301F-11D3-BF4B-00C04F79EFBC}") = "StringSearchApp", "StringSearchApp\StringSearchApp.csproj", "{8A95C345-7901-4AF6-8AA2-FF59AAFAF027}"
EndProject
Project("{FAE04EC0-301F-11D3-BF4B-00C04F79EFBC}") = "IfElseApp", "IfElseApp\IfElseApp.csproj", "{6B0F9C5D-8FEE-4541-AC23-8927CD1CCFFD}"
EndProject
Project("{2150E333-8FDC-42A3-9474-1A3956D46DE8}") = "Chap05", "Chap05", "{39EB62C0-D2E3-44D9-A8D8-D9DC3AE0289A}"
EndProject
Project("{FAE04EC0-301F-11D3-BF4B-00C04F79EFBC}") = "SwitchCaseApp", "SwitchCaseApp\SwitchCaseApp.csproj", "{059CEC09-09FB-4ABF-A5FB-345DBDC97217}"
EndProject
Project("{FAE04EC0-301F-11D3-BF4B-00C04F79EFBC}") = "while", "while\while.csproj", "{E6CB0D08-D657-4122-981F-050EB438BBE5}"
EndProject
Project("{2150E333-8FDC-42A3-9474-1A3956D46DE8}") = "Chap06", "Chap06", "{05E7DCFD-E3A7-4EFB-A260-FA685A6FB6B9}"
EndProject
Project("{FAE04EC0-301F-11D3-BF4B-00C04F79EFBC}") = "SwapByValue", "SwapByValue\SwapByValue.csproj", "{F192C179-E515-4092-A8E6-26DD7935D59B}"
EndProject
Project("{FAE04EC0-301F-11D3-BF4B-00C04F79EFBC}") = "RefReturn", "RefReturn\RefReturn.csproj", "{5C2D96F5-0B9B-47B5-BDF8-E91FB8CB5E8C}"
EndProject
Project("{FAE04EC0-301F-11D3-BF4B-00C04F79EFBC}") = "UsingOut", "UsingOut\UsingOut.csproj", "{532E9D6F-6D49-4F33-BF30-BA31AB6B63D2}"
EndProject
Project("{FAE04EC0-301F-11D3-BF4B-00C04F79EFBC}") = "Overloading", "Overloading\Overloading.csproj", "{AED5F142-953B-4D1B-A7E2-EF374D213ED7}"
EndProject
Project("{FAE04EC0-301F-11D3-BF4B-00C04F79EFBC}") = "LocalFunction", "LocalFunction\LocalFunction.csproj", "{90E5BD6C-1460-4862-BAF1-66F18E076300}"
EndProject
Project("{2150E333-8FDC-42A3-9474-1A3956D46DE8}") = "Chap07", "Chap07", "{EDC78B8C-2C3F-4125-88B1-7B3C98657F5C}"
EndProject
Project("{FAE04EC0-301F-11D3-BF4B-00C04F79EFBC}") = "BasicClass", "BasicClass\BasicClass.csproj", "{D22A26EC-8C05-45E0-A34B-7D332E3F1BB5}"
EndProject
Project("{FAE04EC0-301F-11D3-BF4B-00C04F79EFBC}") = "StaticField", "StaticField\StaticField.csproj", "{77392705-285D-4CAB-B360-98C8C85F50A2}"
EndProject
Project("{FAE04EC0-301F-11D3-BF4B-00C04F79EFBC}") = "DeepCopy", "DeepCopy\DeepCopy.csproj", "{E7ACE73A-55D6-457C-A613-CB4A4E7808A8}"
EndProject
Project("{FAE04EC0-301F-11D3-BF4B-00C04F79EFBC}") = "AccessModifier", "AccessModifier\AccessModifier.csproj", "{FD05AFBF-17BA-4A2C-9864-0CC81CB5CCA1}"
EndProject
Project("{FAE04EC0-301F-11D3-BF4B-00C04F79EFBC}") = "Inheritance", "Inheritance\Inheritance.csproj", "{913AC789-4705-4C17-B940-0E0503F9C511}"
EndProject
Project("{FAE04EC0-301F-11D3-BF4B-00C04F79EFBC}") = "TypeCasting", "TypeCasting\TypeCasting.csproj", "{82D5878D-2841-4205-9D39-BA20BA610F16}"
EndProject
Project("{FAE04EC0-301F-11D3-BF4B-00C04F79EFBC}") = "Overriding", "Overriding\Overriding.csproj", "{A02E6148-3348-488E-BA3A-800DCA93CA54}"
EndProject
Project("{FAE04EC0-301F-11D3-BF4B-00C04F79EFBC}") = "NestedClass", "NestedClass\NestedClass.csproj", "{02DD9EC0-458C-4416-A6E4-FC4977FF56DF}"
EndProject
Project("{FAE04EC0-301F-11D3-BF4B-00C04F79EFBC}") = "ExtensionMethod", "ExtensionMethod\ExtensionMethod.csproj", "{6F042283-0797-49FC-AAC3-FF273EEE18CF}"
EndProject
Project("{FAE04EC0-301F-11D3-BF4B-00C04F79EFBC}") = "Structure", "Structure\Structure.csproj", "{CCE86E40-F6DB-4BA8-B773-BB2F4DD72960}"
EndProject
Project("{FAE04EC0-301F-11D3-BF4B-00C04F79EFBC}") = "Tuple", "Tuple\Tuple.csproj", "{AC667F7B-9122-4A27-B645-6BF1BE6D9328}"
EndProject
Project("{2150E333-8FDC-42A3-9474-1A3956D46DE8}") = "Chap08", "Chap08", "{004903E9-5870-4ABF-A590-9E346AF8BA84}"
EndProject
Project("{FAE04EC0-301F-11D3-BF4B-00C04F79EFBC}") = "Interface", "Interface\Interface.csproj", "{15279DE6-9A18-47BB-AFEF-AC2C0980F5F6}"
EndProject
Project("{FAE04EC0-301F-11D3-BF4B-00C04F79EFBC}") = "MultiImterfaceIngeritance", "MultiImterfaceIngeritance\MultiImterfaceIngeritance.csproj", "{B651709C-5831-4845-93DF-C8E705C161D7}"
EndProject
Project("{FAE04EC0-301F-11D3-BF4B-00C04F79EFBC}") = "AbstractClass", "AbstractClass\AbstractClass.csproj", "{27FB960F-86E7-4607-8902-BE47332B6BAD}"
EndProject
Project("{2150E333-8FDC-42A3-9474-1A3956D46DE8}") = "Chap09", "Chap09", "{202F3767-6B7E-433B-81F8-96A4DE657618}"
EndProject
Project("{FAE04EC0-301F-11D3-BF4B-00C04F79EFBC}") = "Property", "Property\Property.csproj", "{949C0EC2-DE56-4D66-B8AE-484E2F4B64EA}"
EndProject
Project("{FAE04EC0-301F-11D3-BF4B-00C04F79EFBC}") = "PropertiesInInterface", "PropertiesInInterface\PropertiesInInterface.csproj", "{FCA74406-61F3-4A64-92F1-5D06E9089E67}"
EndProject
Project("{2150E333-8FDC-42A3-9474-1A3956D46DE8}") = "Chap10", "Chap10", "{670F332F-FD35-461E-A129-10AD7D87BC4F}"
EndProject
Project("{FAE04EC0-301F-11D3-BF4B-00C04F79EFBC}") = "UsingArrayList", "UsingArrayList\UsingArrayList.csproj", "{79F67560-FF75-4BE9-846E-09E3B1A467CB}"
EndProject
Project("{FAE04EC0-301F-11D3-BF4B-00C04F79EFBC}") = "UsingHashtable", "UsingHashtable\UsingHashtable.csproj", "{B4A98D8C-3282-4E57-9E61-A4FF48AC4F6E}"
EndProject
Project("{FAE04EC0-301F-11D3-BF4B-00C04F79EFBC}") = "UsingIndexer", "UsingIndexer\UsingIndexer.csproj", "{38643C83-C5BB-4A9E-8C99-BA7D2CE0762B}"
EndProject
Project("{FAE04EC0-301F-11D3-BF4B-00C04F79EFBC}") = "UsingYield", "UsingYield\UsingYield.csproj", "{62B1486D-A07D-4D50-8E17-B2989B2F65AA}"
EndProject
Project("{FAE04EC0-301F-11D3-BF4B-00C04F79EFBC}") = "UsingEnumerable", "UsingEnumerable\UsingEnumerable.csproj", "{7CE350B1-5039-4989-8834-113118A173EA}"
EndProject
Project("{2150E333-8FDC-42A3-9474-1A3956D46DE8}") = "Chap11", "Chap11", "{8ABE5658-F9B4-4BF7-B514-22384B1BF0B5}"
EndProject
Project("{FAE04EC0-301F-11D3-BF4B-00C04F79EFBC}") = "CopyingArray", "CopyingArray\CopyingArray.csproj", "{8C9744BF-9E8B-40AD-B5FF-3905ECC00D91}"
EndProject
Project("{FAE04EC0-301F-11D3-BF4B-00C04F79EFBC}") = "UsingGeneric", "UsingGeneric\UsingGeneric.csproj", "{4DCAA7BC-84C7-4108-8299-EAC3C88FE732}"
EndProject
Project("{FAE04EC0-301F-11D3-BF4B-00C04F79EFBC}") = "ConstraintsOntypeParameters", "ConstraintsOntypeParameters\ConstraintsOntypeParameters.csproj", "{40D8312E-1394-4972-8FB9-283831F98115}"
EndProject
Project("{FAE04EC0-301F-11D3-BF4B-00C04F79EFBC}") = "UsingGenericList", "UsingGenericList\UsingGenericList.csproj", "{7FD91A43-930F-4F1B-8D72-EA0C01757908}"
EndProject
Project("{FAE04EC0-301F-11D3-BF4B-00C04F79EFBC}") = "UsingGenericEnumerable", "UsingGenericEnumerable\UsingGenericEnumerable.csproj", "{87958F9E-FF13-4BDE-92C0-F2E4EA1A43B1}"
EndProject
Project("{2150E333-8FDC-42A3-9474-1A3956D46DE8}") = "Chap12", "Chap12", "{105F43EA-C2F8-4963-B864-0D530BF9A6C8}"
EndProject
Project("{FAE04EC0-301F-11D3-BF4B-00C04F79EFBC}") = "KillingProgram", "KillingProgram\KillingProgram.csproj", "{A6E71406-D4CD-47C0-88A1-0B3D1F764CCB}"
EndProject
Project("{FAE04EC0-301F-11D3-BF4B-00C04F79EFBC}") = "UsingThrow", "UsingThrow\UsingThrow.csproj", "{5097571A-4EC3-4B6F-B593-1EE194B8BC8F}"
EndProject
Project("{FAE04EC0-301F-11D3-BF4B-00C04F79EFBC}") = "CustomException", "CustomException\CustomException.csproj", "{CA2BB08F-8ED1-42DC-A23A-C5A450FD81D8}"
EndProject
Project("{2150E333-8FDC-42A3-9474-1A3956D46DE8}") = "Chap13", "Chap13", "{56B2DBB0-2A5B-4867-9112-A1A8FC1EFC9F}"
EndProject
Project("{FAE04EC0-301F-11D3-BF4B-00C04F79EFBC}") = "Delegate", "Delegate\Delegate.csproj", "{B4F2C796-4654-41F9-8571-94ADD72135C2}"
EndProject
Project("{FAE04EC0-301F-11D3-BF4B-00C04F79EFBC}") = "UsingCallback", "UsingCallback\UsingCallback.csproj", "{7FB11AE5-B87C-4BA4-A95B-0F0BB36B8061}"
EndProject
Project("{FAE04EC0-301F-11D3-BF4B-00C04F79EFBC}") = "DelegateChains", "DelegateChains\DelegateChains.csproj", "{8FF52625-1DE4-4211-B602-77F850FCE93D}"
EndProject
Project("{FAE04EC0-301F-11D3-BF4B-00C04F79EFBC}") = "AnonymousMethod", "AnonymousMethod\AnonymousMethod.csproj", "{E4BA07EF-2AB6-431E-935D-5F7187FD4C8C}"
EndProject
Project("{FAE04EC0-301F-11D3-BF4B-00C04F79EFBC}") = "EventTest", "EventTest\EventTest.csproj", "{53455C90-B4F4-4C1E-A764-D5710C12CB02}"
EndProject
Project("{2150E333-8FDC-42A3-9474-1A3956D46DE8}") = "Chap14", "Chap14", "{6CE39066-B347-434C-ACF7-A863D5CD9DCF}"
EndProject
Project("{FAE04EC0-301F-11D3-BF4B-00C04F79EFBC}") = "form1", "form1\form1.csproj", "{574287CF-6961-4642-A5F6-794674924DE1}"
EndProject
Project("{FAE04EC0-301F-11D3-BF4B-00C04F79EFBC}") = "SimpleLambda", "SimpleLambda\SimpleLambda.csproj", "{B7A31858-8142-4415-A453-9D72B70CE6A4}"
EndProject
Project("{FAE04EC0-301F-11D3-BF4B-00C04F79EFBC}") = "UsingFunc", "UsingFunc\UsingFunc.csproj", "{C5BDDEA2-48D2-4F2D-84BF-3EF6EA3E7ED9}"
EndProject
Project("{FAE04EC0-301F-11D3-BF4B-00C04F79EFBC}") = "LambdaExMember", "LambdaExMember\LambdaExMember.csproj", "{39D369ED-07ED-4D47-B69C-F25A366D7942}"
EndProject
Project("{2150E333-8FDC-42A3-9474-1A3956D46DE8}") = "Chap15", "Chap15", "{76DF40C8-7EEB-47B8-A150-27498C2FD140}"
EndProject
Project("{FAE04EC0-301F-11D3-BF4B-00C04F79EFBC}") = "UsingFrom", "UsingFrom\UsingFrom.csproj", "{BCB21E1B-74EF-457A-BFF7-88CF5B7573E2}"
EndProject
Project("{2150E333-8FDC-42A3-9474-1A3956D46DE8}") = "Chap19", "Chap19", "{A23C76BB-1A06-4D97-8214-D08748B272A4}"
EndProject
Project("{FAE04EC0-301F-11D3-BF4B-00C04F79EFBC}") = "UsingBasicThread", "UsingBasicThread\UsingBasicThread.csproj", "{5182F1DB-6E3F-4AE0-9EE6-C2F65036D875}"
EndProject
Project("{FAE04EC0-301F-11D3-BF4B-00C04F79EFBC}") = "WinThreadExam", "WinThreadExam\WinThreadExam.csproj", "{F42AB1D4-3849-48AA-9E4A-98F7D026995B}"
EndProject
Project("{FAE04EC0-301F-11D3-BF4B-00C04F79EFBC}") = "AbortThread", "AbortThread\AbortThread.csproj", "{9A890C6B-A6E3-4F2F-8B6B-0E608AE0DC35}"
EndProject
Project("{FAE04EC0-301F-11D3-BF4B-00C04F79EFBC}") = "InterruptThread", "InterruptThread\InterruptThread.csproj", "{A1B720CA-ECA8-4773-B7BE-8123767BE54F}"
EndProject
Project("{FAE04EC0-301F-11D3-BF4B-00C04F79EFBC}") = "UsingLock", "UsingLock\UsingLock.csproj", "{1616E27A-0005-4AD3-9BFB-33EBC2AC4E5E}"
EndProject
Global
	GlobalSection(SolutionConfigurationPlatforms) = preSolution
		Debug|Any CPU = Debug|Any CPU
		Release|Any CPU = Release|Any CPU
	EndGlobalSection
	GlobalSection(ProjectConfigurationPlatforms) = postSolution
		{52B642BD-B1A8-4FC5-9E6F-357388C2829E}.Debug|Any CPU.ActiveCfg = Debug|Any CPU
		{52B642BD-B1A8-4FC5-9E6F-357388C2829E}.Debug|Any CPU.Build.0 = Debug|Any CPU
		{52B642BD-B1A8-4FC5-9E6F-357388C2829E}.Release|Any CPU.ActiveCfg = Release|Any CPU
		{52B642BD-B1A8-4FC5-9E6F-357388C2829E}.Release|Any CPU.Build.0 = Release|Any CPU
		{818B6F45-FF64-445B-B3CB-FB4671D46681}.Debug|Any CPU.ActiveCfg = Debug|Any CPU
		{818B6F45-FF64-445B-B3CB-FB4671D46681}.Debug|Any CPU.Build.0 = Debug|Any CPU
		{818B6F45-FF64-445B-B3CB-FB4671D46681}.Release|Any CPU.ActiveCfg = Release|Any CPU
		{818B6F45-FF64-445B-B3CB-FB4671D46681}.Release|Any CPU.Build.0 = Release|Any CPU
		{AC3CA1BC-4878-4100-91B5-CDF18AE25A68}.Debug|Any CPU.ActiveCfg = Debug|Any CPU
		{AC3CA1BC-4878-4100-91B5-CDF18AE25A68}.Debug|Any CPU.Build.0 = Debug|Any CPU
		{AC3CA1BC-4878-4100-91B5-CDF18AE25A68}.Release|Any CPU.ActiveCfg = Release|Any CPU
		{AC3CA1BC-4878-4100-91B5-CDF18AE25A68}.Release|Any CPU.Build.0 = Release|Any CPU
		{D6D842E3-10AD-444D-B7DF-A66E5D1F889F}.Debug|Any CPU.ActiveCfg = Debug|Any CPU
		{D6D842E3-10AD-444D-B7DF-A66E5D1F889F}.Debug|Any CPU.Build.0 = Debug|Any CPU
		{D6D842E3-10AD-444D-B7DF-A66E5D1F889F}.Release|Any CPU.ActiveCfg = Release|Any CPU
		{D6D842E3-10AD-444D-B7DF-A66E5D1F889F}.Release|Any CPU.Build.0 = Release|Any CPU
		{571BDA8B-4E65-4853-BA2F-21983369A929}.Debug|Any CPU.ActiveCfg = Debug|Any CPU
		{571BDA8B-4E65-4853-BA2F-21983369A929}.Debug|Any CPU.Build.0 = Debug|Any CPU
		{571BDA8B-4E65-4853-BA2F-21983369A929}.Release|Any CPU.ActiveCfg = Release|Any CPU
		{571BDA8B-4E65-4853-BA2F-21983369A929}.Release|Any CPU.Build.0 = Release|Any CPU
		{36691230-43ED-470A-928A-8498386C2B13}.Debug|Any CPU.ActiveCfg = Debug|Any CPU
		{36691230-43ED-470A-928A-8498386C2B13}.Debug|Any CPU.Build.0 = Debug|Any CPU
		{36691230-43ED-470A-928A-8498386C2B13}.Release|Any CPU.ActiveCfg = Release|Any CPU
		{36691230-43ED-470A-928A-8498386C2B13}.Release|Any CPU.Build.0 = Release|Any CPU
		{8A95C345-7901-4AF6-8AA2-FF59AAFAF027}.Debug|Any CPU.ActiveCfg = Debug|Any CPU
		{8A95C345-7901-4AF6-8AA2-FF59AAFAF027}.Debug|Any CPU.Build.0 = Debug|Any CPU
		{8A95C345-7901-4AF6-8AA2-FF59AAFAF027}.Release|Any CPU.ActiveCfg = Release|Any CPU
		{8A95C345-7901-4AF6-8AA2-FF59AAFAF027}.Release|Any CPU.Build.0 = Release|Any CPU
		{6B0F9C5D-8FEE-4541-AC23-8927CD1CCFFD}.Debug|Any CPU.ActiveCfg = Debug|Any CPU
		{6B0F9C5D-8FEE-4541-AC23-8927CD1CCFFD}.Debug|Any CPU.Build.0 = Debug|Any CPU
		{6B0F9C5D-8FEE-4541-AC23-8927CD1CCFFD}.Release|Any CPU.ActiveCfg = Release|Any CPU
		{6B0F9C5D-8FEE-4541-AC23-8927CD1CCFFD}.Release|Any CPU.Build.0 = Release|Any CPU
		{059CEC09-09FB-4ABF-A5FB-345DBDC97217}.Debug|Any CPU.ActiveCfg = Debug|Any CPU
		{059CEC09-09FB-4ABF-A5FB-345DBDC97217}.Debug|Any CPU.Build.0 = Debug|Any CPU
		{059CEC09-09FB-4ABF-A5FB-345DBDC97217}.Release|Any CPU.ActiveCfg = Release|Any CPU
		{059CEC09-09FB-4ABF-A5FB-345DBDC97217}.Release|Any CPU.Build.0 = Release|Any CPU
		{E6CB0D08-D657-4122-981F-050EB438BBE5}.Debug|Any CPU.ActiveCfg = Debug|Any CPU
		{E6CB0D08-D657-4122-981F-050EB438BBE5}.Debug|Any CPU.Build.0 = Debug|Any CPU
		{E6CB0D08-D657-4122-981F-050EB438BBE5}.Release|Any CPU.ActiveCfg = Release|Any CPU
		{E6CB0D08-D657-4122-981F-050EB438BBE5}.Release|Any CPU.Build.0 = Release|Any CPU
		{F192C179-E515-4092-A8E6-26DD7935D59B}.Debug|Any CPU.ActiveCfg = Debug|Any CPU
		{F192C179-E515-4092-A8E6-26DD7935D59B}.Debug|Any CPU.Build.0 = Debug|Any CPU
		{F192C179-E515-4092-A8E6-26DD7935D59B}.Release|Any CPU.ActiveCfg = Release|Any CPU
		{F192C179-E515-4092-A8E6-26DD7935D59B}.Release|Any CPU.Build.0 = Release|Any CPU
		{5C2D96F5-0B9B-47B5-BDF8-E91FB8CB5E8C}.Debug|Any CPU.ActiveCfg = Debug|Any CPU
		{5C2D96F5-0B9B-47B5-BDF8-E91FB8CB5E8C}.Debug|Any CPU.Build.0 = Debug|Any CPU
		{5C2D96F5-0B9B-47B5-BDF8-E91FB8CB5E8C}.Release|Any CPU.ActiveCfg = Release|Any CPU
		{5C2D96F5-0B9B-47B5-BDF8-E91FB8CB5E8C}.Release|Any CPU.Build.0 = Release|Any CPU
		{532E9D6F-6D49-4F33-BF30-BA31AB6B63D2}.Debug|Any CPU.ActiveCfg = Debug|Any CPU
		{532E9D6F-6D49-4F33-BF30-BA31AB6B63D2}.Debug|Any CPU.Build.0 = Debug|Any CPU
		{532E9D6F-6D49-4F33-BF30-BA31AB6B63D2}.Release|Any CPU.ActiveCfg = Release|Any CPU
		{532E9D6F-6D49-4F33-BF30-BA31AB6B63D2}.Release|Any CPU.Build.0 = Release|Any CPU
		{AED5F142-953B-4D1B-A7E2-EF374D213ED7}.Debug|Any CPU.ActiveCfg = Debug|Any CPU
		{AED5F142-953B-4D1B-A7E2-EF374D213ED7}.Debug|Any CPU.Build.0 = Debug|Any CPU
		{AED5F142-953B-4D1B-A7E2-EF374D213ED7}.Release|Any CPU.ActiveCfg = Release|Any CPU
		{AED5F142-953B-4D1B-A7E2-EF374D213ED7}.Release|Any CPU.Build.0 = Release|Any CPU
		{90E5BD6C-1460-4862-BAF1-66F18E076300}.Debug|Any CPU.ActiveCfg = Debug|Any CPU
		{90E5BD6C-1460-4862-BAF1-66F18E076300}.Debug|Any CPU.Build.0 = Debug|Any CPU
		{90E5BD6C-1460-4862-BAF1-66F18E076300}.Release|Any CPU.ActiveCfg = Release|Any CPU
		{90E5BD6C-1460-4862-BAF1-66F18E076300}.Release|Any CPU.Build.0 = Release|Any CPU
		{D22A26EC-8C05-45E0-A34B-7D332E3F1BB5}.Debug|Any CPU.ActiveCfg = Debug|Any CPU
		{D22A26EC-8C05-45E0-A34B-7D332E3F1BB5}.Debug|Any CPU.Build.0 = Debug|Any CPU
		{D22A26EC-8C05-45E0-A34B-7D332E3F1BB5}.Release|Any CPU.ActiveCfg = Release|Any CPU
		{D22A26EC-8C05-45E0-A34B-7D332E3F1BB5}.Release|Any CPU.Build.0 = Release|Any CPU
		{77392705-285D-4CAB-B360-98C8C85F50A2}.Debug|Any CPU.ActiveCfg = Debug|Any CPU
		{77392705-285D-4CAB-B360-98C8C85F50A2}.Debug|Any CPU.Build.0 = Debug|Any CPU
		{77392705-285D-4CAB-B360-98C8C85F50A2}.Release|Any CPU.ActiveCfg = Release|Any CPU
		{77392705-285D-4CAB-B360-98C8C85F50A2}.Release|Any CPU.Build.0 = Release|Any CPU
		{E7ACE73A-55D6-457C-A613-CB4A4E7808A8}.Debug|Any CPU.ActiveCfg = Debug|Any CPU
		{E7ACE73A-55D6-457C-A613-CB4A4E7808A8}.Debug|Any CPU.Build.0 = Debug|Any CPU
		{E7ACE73A-55D6-457C-A613-CB4A4E7808A8}.Release|Any CPU.ActiveCfg = Release|Any CPU
		{E7ACE73A-55D6-457C-A613-CB4A4E7808A8}.Release|Any CPU.Build.0 = Release|Any CPU
		{FD05AFBF-17BA-4A2C-9864-0CC81CB5CCA1}.Debug|Any CPU.ActiveCfg = Debug|Any CPU
		{FD05AFBF-17BA-4A2C-9864-0CC81CB5CCA1}.Debug|Any CPU.Build.0 = Debug|Any CPU
		{FD05AFBF-17BA-4A2C-9864-0CC81CB5CCA1}.Release|Any CPU.ActiveCfg = Release|Any CPU
		{FD05AFBF-17BA-4A2C-9864-0CC81CB5CCA1}.Release|Any CPU.Build.0 = Release|Any CPU
		{913AC789-4705-4C17-B940-0E0503F9C511}.Debug|Any CPU.ActiveCfg = Debug|Any CPU
		{913AC789-4705-4C17-B940-0E0503F9C511}.Debug|Any CPU.Build.0 = Debug|Any CPU
		{913AC789-4705-4C17-B940-0E0503F9C511}.Release|Any CPU.ActiveCfg = Release|Any CPU
		{913AC789-4705-4C17-B940-0E0503F9C511}.Release|Any CPU.Build.0 = Release|Any CPU
		{82D5878D-2841-4205-9D39-BA20BA610F16}.Debug|Any CPU.ActiveCfg = Debug|Any CPU
		{82D5878D-2841-4205-9D39-BA20BA610F16}.Debug|Any CPU.Build.0 = Debug|Any CPU
		{82D5878D-2841-4205-9D39-BA20BA610F16}.Release|Any CPU.ActiveCfg = Release|Any CPU
		{82D5878D-2841-4205-9D39-BA20BA610F16}.Release|Any CPU.Build.0 = Release|Any CPU
		{A02E6148-3348-488E-BA3A-800DCA93CA54}.Debug|Any CPU.ActiveCfg = Debug|Any CPU
		{A02E6148-3348-488E-BA3A-800DCA93CA54}.Debug|Any CPU.Build.0 = Debug|Any CPU
		{A02E6148-3348-488E-BA3A-800DCA93CA54}.Release|Any CPU.ActiveCfg = Release|Any CPU
		{A02E6148-3348-488E-BA3A-800DCA93CA54}.Release|Any CPU.Build.0 = Release|Any CPU
		{02DD9EC0-458C-4416-A6E4-FC4977FF56DF}.Debug|Any CPU.ActiveCfg = Debug|Any CPU
		{02DD9EC0-458C-4416-A6E4-FC4977FF56DF}.Debug|Any CPU.Build.0 = Debug|Any CPU
		{02DD9EC0-458C-4416-A6E4-FC4977FF56DF}.Release|Any CPU.ActiveCfg = Release|Any CPU
		{02DD9EC0-458C-4416-A6E4-FC4977FF56DF}.Release|Any CPU.Build.0 = Release|Any CPU
		{6F042283-0797-49FC-AAC3-FF273EEE18CF}.Debug|Any CPU.ActiveCfg = Debug|Any CPU
		{6F042283-0797-49FC-AAC3-FF273EEE18CF}.Debug|Any CPU.Build.0 = Debug|Any CPU
		{6F042283-0797-49FC-AAC3-FF273EEE18CF}.Release|Any CPU.ActiveCfg = Release|Any CPU
		{6F042283-0797-49FC-AAC3-FF273EEE18CF}.Release|Any CPU.Build.0 = Release|Any CPU
		{CCE86E40-F6DB-4BA8-B773-BB2F4DD72960}.Debug|Any CPU.ActiveCfg = Debug|Any CPU
		{CCE86E40-F6DB-4BA8-B773-BB2F4DD72960}.Debug|Any CPU.Build.0 = Debug|Any CPU
		{CCE86E40-F6DB-4BA8-B773-BB2F4DD72960}.Release|Any CPU.ActiveCfg = Release|Any CPU
		{CCE86E40-F6DB-4BA8-B773-BB2F4DD72960}.Release|Any CPU.Build.0 = Release|Any CPU
		{AC667F7B-9122-4A27-B645-6BF1BE6D9328}.Debug|Any CPU.ActiveCfg = Debug|Any CPU
		{AC667F7B-9122-4A27-B645-6BF1BE6D9328}.Debug|Any CPU.Build.0 = Debug|Any CPU
		{AC667F7B-9122-4A27-B645-6BF1BE6D9328}.Release|Any CPU.ActiveCfg = Release|Any CPU
		{AC667F7B-9122-4A27-B645-6BF1BE6D9328}.Release|Any CPU.Build.0 = Release|Any CPU
		{15279DE6-9A18-47BB-AFEF-AC2C0980F5F6}.Debug|Any CPU.ActiveCfg = Debug|Any CPU
		{15279DE6-9A18-47BB-AFEF-AC2C0980F5F6}.Debug|Any CPU.Build.0 = Debug|Any CPU
		{15279DE6-9A18-47BB-AFEF-AC2C0980F5F6}.Release|Any CPU.ActiveCfg = Release|Any CPU
		{15279DE6-9A18-47BB-AFEF-AC2C0980F5F6}.Release|Any CPU.Build.0 = Release|Any CPU
		{B651709C-5831-4845-93DF-C8E705C161D7}.Debug|Any CPU.ActiveCfg = Debug|Any CPU
		{B651709C-5831-4845-93DF-C8E705C161D7}.Debug|Any CPU.Build.0 = Debug|Any CPU
		{B651709C-5831-4845-93DF-C8E705C161D7}.Release|Any CPU.ActiveCfg = Release|Any CPU
		{B651709C-5831-4845-93DF-C8E705C161D7}.Release|Any CPU.Build.0 = Release|Any CPU
		{27FB960F-86E7-4607-8902-BE47332B6BAD}.Debug|Any CPU.ActiveCfg = Debug|Any CPU
		{27FB960F-86E7-4607-8902-BE47332B6BAD}.Debug|Any CPU.Build.0 = Debug|Any CPU
		{27FB960F-86E7-4607-8902-BE47332B6BAD}.Release|Any CPU.ActiveCfg = Release|Any CPU
		{27FB960F-86E7-4607-8902-BE47332B6BAD}.Release|Any CPU.Build.0 = Release|Any CPU
		{949C0EC2-DE56-4D66-B8AE-484E2F4B64EA}.Debug|Any CPU.ActiveCfg = Debug|Any CPU
		{949C0EC2-DE56-4D66-B8AE-484E2F4B64EA}.Debug|Any CPU.Build.0 = Debug|Any CPU
		{949C0EC2-DE56-4D66-B8AE-484E2F4B64EA}.Release|Any CPU.ActiveCfg = Release|Any CPU
		{949C0EC2-DE56-4D66-B8AE-484E2F4B64EA}.Release|Any CPU.Build.0 = Release|Any CPU
		{FCA74406-61F3-4A64-92F1-5D06E9089E67}.Debug|Any CPU.ActiveCfg = Debug|Any CPU
		{FCA74406-61F3-4A64-92F1-5D06E9089E67}.Debug|Any CPU.Build.0 = Debug|Any CPU
		{FCA74406-61F3-4A64-92F1-5D06E9089E67}.Release|Any CPU.ActiveCfg = Release|Any CPU
		{FCA74406-61F3-4A64-92F1-5D06E9089E67}.Release|Any CPU.Build.0 = Release|Any CPU
		{79F67560-FF75-4BE9-846E-09E3B1A467CB}.Debug|Any CPU.ActiveCfg = Debug|Any CPU
		{79F67560-FF75-4BE9-846E-09E3B1A467CB}.Debug|Any CPU.Build.0 = Debug|Any CPU
		{79F67560-FF75-4BE9-846E-09E3B1A467CB}.Release|Any CPU.ActiveCfg = Release|Any CPU
		{79F67560-FF75-4BE9-846E-09E3B1A467CB}.Release|Any CPU.Build.0 = Release|Any CPU
		{B4A98D8C-3282-4E57-9E61-A4FF48AC4F6E}.Debug|Any CPU.ActiveCfg = Debug|Any CPU
		{B4A98D8C-3282-4E57-9E61-A4FF48AC4F6E}.Debug|Any CPU.Build.0 = Debug|Any CPU
		{B4A98D8C-3282-4E57-9E61-A4FF48AC4F6E}.Release|Any CPU.ActiveCfg = Release|Any CPU
		{B4A98D8C-3282-4E57-9E61-A4FF48AC4F6E}.Release|Any CPU.Build.0 = Release|Any CPU
		{38643C83-C5BB-4A9E-8C99-BA7D2CE0762B}.Debug|Any CPU.ActiveCfg = Debug|Any CPU
		{38643C83-C5BB-4A9E-8C99-BA7D2CE0762B}.Debug|Any CPU.Build.0 = Debug|Any CPU
		{38643C83-C5BB-4A9E-8C99-BA7D2CE0762B}.Release|Any CPU.ActiveCfg = Release|Any CPU
		{38643C83-C5BB-4A9E-8C99-BA7D2CE0762B}.Release|Any CPU.Build.0 = Release|Any CPU
		{62B1486D-A07D-4D50-8E17-B2989B2F65AA}.Debug|Any CPU.ActiveCfg = Debug|Any CPU
		{62B1486D-A07D-4D50-8E17-B2989B2F65AA}.Debug|Any CPU.Build.0 = Debug|Any CPU
		{62B1486D-A07D-4D50-8E17-B2989B2F65AA}.Release|Any CPU.ActiveCfg = Release|Any CPU
		{62B1486D-A07D-4D50-8E17-B2989B2F65AA}.Release|Any CPU.Build.0 = Release|Any CPU
		{7CE350B1-5039-4989-8834-113118A173EA}.Debug|Any CPU.ActiveCfg = Debug|Any CPU
		{7CE350B1-5039-4989-8834-113118A173EA}.Debug|Any CPU.Build.0 = Debug|Any CPU
		{7CE350B1-5039-4989-8834-113118A173EA}.Release|Any CPU.ActiveCfg = Release|Any CPU
		{7CE350B1-5039-4989-8834-113118A173EA}.Release|Any CPU.Build.0 = Release|Any CPU
		{8C9744BF-9E8B-40AD-B5FF-3905ECC00D91}.Debug|Any CPU.ActiveCfg = Debug|Any CPU
		{8C9744BF-9E8B-40AD-B5FF-3905ECC00D91}.Debug|Any CPU.Build.0 = Debug|Any CPU
		{8C9744BF-9E8B-40AD-B5FF-3905ECC00D91}.Release|Any CPU.ActiveCfg = Release|Any CPU
		{8C9744BF-9E8B-40AD-B5FF-3905ECC00D91}.Release|Any CPU.Build.0 = Release|Any CPU
		{4DCAA7BC-84C7-4108-8299-EAC3C88FE732}.Debug|Any CPU.ActiveCfg = Debug|Any CPU
		{4DCAA7BC-84C7-4108-8299-EAC3C88FE732}.Debug|Any CPU.Build.0 = Debug|Any CPU
		{4DCAA7BC-84C7-4108-8299-EAC3C88FE732}.Release|Any CPU.ActiveCfg = Release|Any CPU
		{4DCAA7BC-84C7-4108-8299-EAC3C88FE732}.Release|Any CPU.Build.0 = Release|Any CPU
		{40D8312E-1394-4972-8FB9-283831F98115}.Debug|Any CPU.ActiveCfg = Debug|Any CPU
		{40D8312E-1394-4972-8FB9-283831F98115}.Debug|Any CPU.Build.0 = Debug|Any CPU
		{40D8312E-1394-4972-8FB9-283831F98115}.Release|Any CPU.ActiveCfg = Release|Any CPU
		{40D8312E-1394-4972-8FB9-283831F98115}.Release|Any CPU.Build.0 = Release|Any CPU
		{7FD91A43-930F-4F1B-8D72-EA0C01757908}.Debug|Any CPU.ActiveCfg = Debug|Any CPU
		{7FD91A43-930F-4F1B-8D72-EA0C01757908}.Debug|Any CPU.Build.0 = Debug|Any CPU
		{7FD91A43-930F-4F1B-8D72-EA0C01757908}.Release|Any CPU.ActiveCfg = Release|Any CPU
		{7FD91A43-930F-4F1B-8D72-EA0C01757908}.Release|Any CPU.Build.0 = Release|Any CPU
		{87958F9E-FF13-4BDE-92C0-F2E4EA1A43B1}.Debug|Any CPU.ActiveCfg = Debug|Any CPU
		{87958F9E-FF13-4BDE-92C0-F2E4EA1A43B1}.Debug|Any CPU.Build.0 = Debug|Any CPU
		{87958F9E-FF13-4BDE-92C0-F2E4EA1A43B1}.Release|Any CPU.ActiveCfg = Release|Any CPU
		{87958F9E-FF13-4BDE-92C0-F2E4EA1A43B1}.Release|Any CPU.Build.0 = Release|Any CPU
		{A6E71406-D4CD-47C0-88A1-0B3D1F764CCB}.Debug|Any CPU.ActiveCfg = Debug|Any CPU
		{A6E71406-D4CD-47C0-88A1-0B3D1F764CCB}.Debug|Any CPU.Build.0 = Debug|Any CPU
		{A6E71406-D4CD-47C0-88A1-0B3D1F764CCB}.Release|Any CPU.ActiveCfg = Release|Any CPU
		{A6E71406-D4CD-47C0-88A1-0B3D1F764CCB}.Release|Any CPU.Build.0 = Release|Any CPU
		{5097571A-4EC3-4B6F-B593-1EE194B8BC8F}.Debug|Any CPU.ActiveCfg = Debug|Any CPU
		{5097571A-4EC3-4B6F-B593-1EE194B8BC8F}.Debug|Any CPU.Build.0 = Debug|Any CPU
		{5097571A-4EC3-4B6F-B593-1EE194B8BC8F}.Release|Any CPU.ActiveCfg = Release|Any CPU
		{5097571A-4EC3-4B6F-B593-1EE194B8BC8F}.Release|Any CPU.Build.0 = Release|Any CPU
		{CA2BB08F-8ED1-42DC-A23A-C5A450FD81D8}.Debug|Any CPU.ActiveCfg = Debug|Any CPU
		{CA2BB08F-8ED1-42DC-A23A-C5A450FD81D8}.Debug|Any CPU.Build.0 = Debug|Any CPU
		{CA2BB08F-8ED1-42DC-A23A-C5A450FD81D8}.Release|Any CPU.ActiveCfg = Release|Any CPU
		{CA2BB08F-8ED1-42DC-A23A-C5A450FD81D8}.Release|Any CPU.Build.0 = Release|Any CPU
		{B4F2C796-4654-41F9-8571-94ADD72135C2}.Debug|Any CPU.ActiveCfg = Debug|Any CPU
		{B4F2C796-4654-41F9-8571-94ADD72135C2}.Debug|Any CPU.Build.0 = Debug|Any CPU
		{B4F2C796-4654-41F9-8571-94ADD72135C2}.Release|Any CPU.ActiveCfg = Release|Any CPU
		{B4F2C796-4654-41F9-8571-94ADD72135C2}.Release|Any CPU.Build.0 = Release|Any CPU
		{7FB11AE5-B87C-4BA4-A95B-0F0BB36B8061}.Debug|Any CPU.ActiveCfg = Debug|Any CPU
		{7FB11AE5-B87C-4BA4-A95B-0F0BB36B8061}.Debug|Any CPU.Build.0 = Debug|Any CPU
		{7FB11AE5-B87C-4BA4-A95B-0F0BB36B8061}.Release|Any CPU.ActiveCfg = Release|Any CPU
		{7FB11AE5-B87C-4BA4-A95B-0F0BB36B8061}.Release|Any CPU.Build.0 = Release|Any CPU
		{8FF52625-1DE4-4211-B602-77F850FCE93D}.Debug|Any CPU.ActiveCfg = Debug|Any CPU
		{8FF52625-1DE4-4211-B602-77F850FCE93D}.Debug|Any CPU.Build.0 = Debug|Any CPU
		{8FF52625-1DE4-4211-B602-77F850FCE93D}.Release|Any CPU.ActiveCfg = Release|Any CPU
		{8FF52625-1DE4-4211-B602-77F850FCE93D}.Release|Any CPU.Build.0 = Release|Any CPU
		{E4BA07EF-2AB6-431E-935D-5F7187FD4C8C}.Debug|Any CPU.ActiveCfg = Debug|Any CPU
		{E4BA07EF-2AB6-431E-935D-5F7187FD4C8C}.Debug|Any CPU.Build.0 = Debug|Any CPU
		{E4BA07EF-2AB6-431E-935D-5F7187FD4C8C}.Release|Any CPU.ActiveCfg = Release|Any CPU
		{E4BA07EF-2AB6-431E-935D-5F7187FD4C8C}.Release|Any CPU.Build.0 = Release|Any CPU
		{53455C90-B4F4-4C1E-A764-D5710C12CB02}.Debug|Any CPU.ActiveCfg = Debug|Any CPU
		{53455C90-B4F4-4C1E-A764-D5710C12CB02}.Debug|Any CPU.Build.0 = Debug|Any CPU
		{53455C90-B4F4-4C1E-A764-D5710C12CB02}.Release|Any CPU.ActiveCfg = Release|Any CPU
		{53455C90-B4F4-4C1E-A764-D5710C12CB02}.Release|Any CPU.Build.0 = Release|Any CPU
		{574287CF-6961-4642-A5F6-794674924DE1}.Debug|Any CPU.ActiveCfg = Debug|Any CPU
		{574287CF-6961-4642-A5F6-794674924DE1}.Debug|Any CPU.Build.0 = Debug|Any CPU
		{574287CF-6961-4642-A5F6-794674924DE1}.Release|Any CPU.ActiveCfg = Release|Any CPU
		{574287CF-6961-4642-A5F6-794674924DE1}.Release|Any CPU.Build.0 = Release|Any CPU
		{B7A31858-8142-4415-A453-9D72B70CE6A4}.Debug|Any CPU.ActiveCfg = Debug|Any CPU
		{B7A31858-8142-4415-A453-9D72B70CE6A4}.Debug|Any CPU.Build.0 = Debug|Any CPU
		{B7A31858-8142-4415-A453-9D72B70CE6A4}.Release|Any CPU.ActiveCfg = Release|Any CPU
		{B7A31858-8142-4415-A453-9D72B70CE6A4}.Release|Any CPU.Build.0 = Release|Any CPU
		{C5BDDEA2-48D2-4F2D-84BF-3EF6EA3E7ED9}.Debug|Any CPU.ActiveCfg = Debug|Any CPU
		{C5BDDEA2-48D2-4F2D-84BF-3EF6EA3E7ED9}.Debug|Any CPU.Build.0 = Debug|Any CPU
		{C5BDDEA2-48D2-4F2D-84BF-3EF6EA3E7ED9}.Release|Any CPU.ActiveCfg = Release|Any CPU
		{C5BDDEA2-48D2-4F2D-84BF-3EF6EA3E7ED9}.Release|Any CPU.Build.0 = Release|Any CPU
		{39D369ED-07ED-4D47-B69C-F25A366D7942}.Debug|Any CPU.ActiveCfg = Debug|Any CPU
		{39D369ED-07ED-4D47-B69C-F25A366D7942}.Debug|Any CPU.Build.0 = Debug|Any CPU
		{39D369ED-07ED-4D47-B69C-F25A366D7942}.Release|Any CPU.ActiveCfg = Release|Any CPU
		{39D369ED-07ED-4D47-B69C-F25A366D7942}.Release|Any CPU.Build.0 = Release|Any CPU
		{BCB21E1B-74EF-457A-BFF7-88CF5B7573E2}.Debug|Any CPU.ActiveCfg = Debug|Any CPU
		{BCB21E1B-74EF-457A-BFF7-88CF5B7573E2}.Debug|Any CPU.Build.0 = Debug|Any CPU
		{BCB21E1B-74EF-457A-BFF7-88CF5B7573E2}.Release|Any CPU.ActiveCfg = Release|Any CPU
		{BCB21E1B-74EF-457A-BFF7-88CF5B7573E2}.Release|Any CPU.Build.0 = Release|Any CPU
		{5182F1DB-6E3F-4AE0-9EE6-C2F65036D875}.Debug|Any CPU.ActiveCfg = Debug|Any CPU
		{5182F1DB-6E3F-4AE0-9EE6-C2F65036D875}.Debug|Any CPU.Build.0 = Debug|Any CPU
		{5182F1DB-6E3F-4AE0-9EE6-C2F65036D875}.Release|Any CPU.ActiveCfg = Release|Any CPU
		{5182F1DB-6E3F-4AE0-9EE6-C2F65036D875}.Release|Any CPU.Build.0 = Release|Any CPU
		{F42AB1D4-3849-48AA-9E4A-98F7D026995B}.Debug|Any CPU.ActiveCfg = Debug|Any CPU
		{F42AB1D4-3849-48AA-9E4A-98F7D026995B}.Debug|Any CPU.Build.0 = Debug|Any CPU
		{F42AB1D4-3849-48AA-9E4A-98F7D026995B}.Release|Any CPU.ActiveCfg = Release|Any CPU
		{F42AB1D4-3849-48AA-9E4A-98F7D026995B}.Release|Any CPU.Build.0 = Release|Any CPU
		{9A890C6B-A6E3-4F2F-8B6B-0E608AE0DC35}.Debug|Any CPU.ActiveCfg = Debug|Any CPU
		{9A890C6B-A6E3-4F2F-8B6B-0E608AE0DC35}.Debug|Any CPU.Build.0 = Debug|Any CPU
		{9A890C6B-A6E3-4F2F-8B6B-0E608AE0DC35}.Release|Any CPU.ActiveCfg = Release|Any CPU
		{9A890C6B-A6E3-4F2F-8B6B-0E608AE0DC35}.Release|Any CPU.Build.0 = Release|Any CPU
		{A1B720CA-ECA8-4773-B7BE-8123767BE54F}.Debug|Any CPU.ActiveCfg = Debug|Any CPU
		{A1B720CA-ECA8-4773-B7BE-8123767BE54F}.Debug|Any CPU.Build.0 = Debug|Any CPU
		{A1B720CA-ECA8-4773-B7BE-8123767BE54F}.Release|Any CPU.ActiveCfg = Release|Any CPU
		{A1B720CA-ECA8-4773-B7BE-8123767BE54F}.Release|Any CPU.Build.0 = Release|Any CPU
		{1616E27A-0005-4AD3-9BFB-33EBC2AC4E5E}.Debug|Any CPU.ActiveCfg = Debug|Any CPU
		{1616E27A-0005-4AD3-9BFB-33EBC2AC4E5E}.Debug|Any CPU.Build.0 = Debug|Any CPU
		{1616E27A-0005-4AD3-9BFB-33EBC2AC4E5E}.Release|Any CPU.ActiveCfg = Release|Any CPU
		{1616E27A-0005-4AD3-9BFB-33EBC2AC4E5E}.Release|Any CPU.Build.0 = Release|Any CPU
	EndGlobalSection
	GlobalSection(SolutionProperties) = preSolution
		HideSolutionNode = FALSE
	EndGlobalSection
	GlobalSection(NestedProjects) = preSolution
		{52B642BD-B1A8-4FC5-9E6F-357388C2829E} = {330E4299-C1BF-44EC-ADC8-876CF4960FB4}
		{818B6F45-FF64-445B-B3CB-FB4671D46681} = {330E4299-C1BF-44EC-ADC8-876CF4960FB4}
		{AC3CA1BC-4878-4100-91B5-CDF18AE25A68} = {330E4299-C1BF-44EC-ADC8-876CF4960FB4}
		{D6D842E3-10AD-444D-B7DF-A66E5D1F889F} = {330E4299-C1BF-44EC-ADC8-876CF4960FB4}
		{571BDA8B-4E65-4853-BA2F-21983369A929} = {330E4299-C1BF-44EC-ADC8-876CF4960FB4}
		{36691230-43ED-470A-928A-8498386C2B13} = {330E4299-C1BF-44EC-ADC8-876CF4960FB4}
		{8A95C345-7901-4AF6-8AA2-FF59AAFAF027} = {EA201A2D-7FB0-481F-96F9-88958951BA5B}
		{6B0F9C5D-8FEE-4541-AC23-8927CD1CCFFD} = {39EB62C0-D2E3-44D9-A8D8-D9DC3AE0289A}
		{059CEC09-09FB-4ABF-A5FB-345DBDC97217} = {39EB62C0-D2E3-44D9-A8D8-D9DC3AE0289A}
		{E6CB0D08-D657-4122-981F-050EB438BBE5} = {39EB62C0-D2E3-44D9-A8D8-D9DC3AE0289A}
		{F192C179-E515-4092-A8E6-26DD7935D59B} = {05E7DCFD-E3A7-4EFB-A260-FA685A6FB6B9}
		{5C2D96F5-0B9B-47B5-BDF8-E91FB8CB5E8C} = {05E7DCFD-E3A7-4EFB-A260-FA685A6FB6B9}
		{532E9D6F-6D49-4F33-BF30-BA31AB6B63D2} = {05E7DCFD-E3A7-4EFB-A260-FA685A6FB6B9}
		{AED5F142-953B-4D1B-A7E2-EF374D213ED7} = {05E7DCFD-E3A7-4EFB-A260-FA685A6FB6B9}
		{90E5BD6C-1460-4862-BAF1-66F18E076300} = {05E7DCFD-E3A7-4EFB-A260-FA685A6FB6B9}
		{D22A26EC-8C05-45E0-A34B-7D332E3F1BB5} = {EDC78B8C-2C3F-4125-88B1-7B3C98657F5C}
		{77392705-285D-4CAB-B360-98C8C85F50A2} = {EDC78B8C-2C3F-4125-88B1-7B3C98657F5C}
		{E7ACE73A-55D6-457C-A613-CB4A4E7808A8} = {EDC78B8C-2C3F-4125-88B1-7B3C98657F5C}
		{FD05AFBF-17BA-4A2C-9864-0CC81CB5CCA1} = {EDC78B8C-2C3F-4125-88B1-7B3C98657F5C}
		{913AC789-4705-4C17-B940-0E0503F9C511} = {EDC78B8C-2C3F-4125-88B1-7B3C98657F5C}
		{82D5878D-2841-4205-9D39-BA20BA610F16} = {EDC78B8C-2C3F-4125-88B1-7B3C98657F5C}
		{A02E6148-3348-488E-BA3A-800DCA93CA54} = {EDC78B8C-2C3F-4125-88B1-7B3C98657F5C}
		{02DD9EC0-458C-4416-A6E4-FC4977FF56DF} = {EDC78B8C-2C3F-4125-88B1-7B3C98657F5C}
		{6F042283-0797-49FC-AAC3-FF273EEE18CF} = {EDC78B8C-2C3F-4125-88B1-7B3C98657F5C}
		{CCE86E40-F6DB-4BA8-B773-BB2F4DD72960} = {EDC78B8C-2C3F-4125-88B1-7B3C98657F5C}
		{AC667F7B-9122-4A27-B645-6BF1BE6D9328} = {EDC78B8C-2C3F-4125-88B1-7B3C98657F5C}
		{15279DE6-9A18-47BB-AFEF-AC2C0980F5F6} = {004903E9-5870-4ABF-A590-9E346AF8BA84}
		{B651709C-5831-4845-93DF-C8E705C161D7} = {004903E9-5870-4ABF-A590-9E346AF8BA84}
		{27FB960F-86E7-4607-8902-BE47332B6BAD} = {004903E9-5870-4ABF-A590-9E346AF8BA84}
		{949C0EC2-DE56-4D66-B8AE-484E2F4B64EA} = {202F3767-6B7E-433B-81F8-96A4DE657618}
		{FCA74406-61F3-4A64-92F1-5D06E9089E67} = {202F3767-6B7E-433B-81F8-96A4DE657618}
		{79F67560-FF75-4BE9-846E-09E3B1A467CB} = {670F332F-FD35-461E-A129-10AD7D87BC4F}
		{B4A98D8C-3282-4E57-9E61-A4FF48AC4F6E} = {670F332F-FD35-461E-A129-10AD7D87BC4F}
		{38643C83-C5BB-4A9E-8C99-BA7D2CE0762B} = {670F332F-FD35-461E-A129-10AD7D87BC4F}
		{62B1486D-A07D-4D50-8E17-B2989B2F65AA} = {670F332F-FD35-461E-A129-10AD7D87BC4F}
		{7CE350B1-5039-4989-8834-113118A173EA} = {670F332F-FD35-461E-A129-10AD7D87BC4F}
		{8C9744BF-9E8B-40AD-B5FF-3905ECC00D91} = {8ABE5658-F9B4-4BF7-B514-22384B1BF0B5}
		{4DCAA7BC-84C7-4108-8299-EAC3C88FE732} = {8ABE5658-F9B4-4BF7-B514-22384B1BF0B5}
		{40D8312E-1394-4972-8FB9-283831F98115} = {8ABE5658-F9B4-4BF7-B514-22384B1BF0B5}
		{7FD91A43-930F-4F1B-8D72-EA0C01757908} = {8ABE5658-F9B4-4BF7-B514-22384B1BF0B5}
		{87958F9E-FF13-4BDE-92C0-F2E4EA1A43B1} = {8ABE5658-F9B4-4BF7-B514-22384B1BF0B5}
		{A6E71406-D4CD-47C0-88A1-0B3D1F764CCB} = {105F43EA-C2F8-4963-B864-0D530BF9A6C8}
		{5097571A-4EC3-4B6F-B593-1EE194B8BC8F} = {105F43EA-C2F8-4963-B864-0D530BF9A6C8}
		{CA2BB08F-8ED1-42DC-A23A-C5A450FD81D8} = {105F43EA-C2F8-4963-B864-0D530BF9A6C8}
		{B4F2C796-4654-41F9-8571-94ADD72135C2} = {56B2DBB0-2A5B-4867-9112-A1A8FC1EFC9F}
		{7FB11AE5-B87C-4BA4-A95B-0F0BB36B8061} = {56B2DBB0-2A5B-4867-9112-A1A8FC1EFC9F}
		{8FF52625-1DE4-4211-B602-77F850FCE93D} = {56B2DBB0-2A5B-4867-9112-A1A8FC1EFC9F}
		{E4BA07EF-2AB6-431E-935D-5F7187FD4C8C} = {56B2DBB0-2A5B-4867-9112-A1A8FC1EFC9F}
		{53455C90-B4F4-4C1E-A764-D5710C12CB02} = {56B2DBB0-2A5B-4867-9112-A1A8FC1EFC9F}
		{574287CF-6961-4642-A5F6-794674924DE1} = {6CE39066-B347-434C-ACF7-A863D5CD9DCF}
		{B7A31858-8142-4415-A453-9D72B70CE6A4} = {6CE39066-B347-434C-ACF7-A863D5CD9DCF}
		{C5BDDEA2-48D2-4F2D-84BF-3EF6EA3E7ED9} = {6CE39066-B347-434C-ACF7-A863D5CD9DCF}
		{39D369ED-07ED-4D47-B69C-F25A366D7942} = {6CE39066-B347-434C-ACF7-A863D5CD9DCF}
		{BCB21E1B-74EF-457A-BFF7-88CF5B7573E2} = {76DF40C8-7EEB-47B8-A150-27498C2FD140}
		{5182F1DB-6E3F-4AE0-9EE6-C2F65036D875} = {A23C76BB-1A06-4D97-8214-D08748B272A4}
		{F42AB1D4-3849-48AA-9E4A-98F7D026995B} = {A23C76BB-1A06-4D97-8214-D08748B272A4}
		{9A890C6B-A6E3-4F2F-8B6B-0E608AE0DC35} = {A23C76BB-1A06-4D97-8214-D08748B272A4}
		{A1B720CA-ECA8-4773-B7BE-8123767BE54F} = {A23C76BB-1A06-4D97-8214-D08748B272A4}
		{1616E27A-0005-4AD3-9BFB-33EBC2AC4E5E} = {A23C76BB-1A06-4D97-8214-D08748B272A4}
	EndGlobalSection
	GlobalSection(ExtensibilityGlobals) = postSolution
		SolutionGuid = {F8A3EE78-A027-401E-8201-D484591EBA37}
	EndGlobalSection
EndGlobal
