
Microsoft Visual Studio Solution File, Format Version 12.00
# Visual Studio Version 16
VisualStudioVersion = 16.0.30309.148
MinimumVisualStudioVersion = 10.0.40219.1
Project("{FAE04EC0-301F-11D3-BF4B-00C04F79EFBC}") = "EddyHomePage", "EddyHomePage\EddyHomePage.csproj", "{7EF84544-2D42-4534-A382-4F6F397C18B2}"
EndProject
Project("{FAE04EC0-301F-11D3-BF4B-00C04F79EFBC}") = "EddyNewHome", "WebApplication1\EddyNewHome.csproj", "{DCECA666-606A-46CE-8DB4-A533546F3CCD}"
EndProject
Global
	GlobalSection(SolutionConfigurationPlatforms) = preSolution
		Debug|Any CPU = Debug|Any CPU
		Release|Any CPU = Release|Any CPU
	EndGlobalSection
	GlobalSection(ProjectConfigurationPlatforms) = postSolution
		{7EF84544-2D42-4534-A382-4F6F397C18B2}.Debug|Any CPU.ActiveCfg = Debug|Any CPU
		{7EF84544-2D42-4534-A382-4F6F397C18B2}.Debug|Any CPU.Build.0 = Debug|Any CPU
		{7EF84544-2D42-4534-A382-4F6F397C18B2}.Release|Any CPU.ActiveCfg = Release|Any CPU
		{7EF84544-2D42-4534-A382-4F6F397C18B2}.Release|Any CPU.Build.0 = Release|Any CPU
		{DCECA666-606A-46CE-8DB4-A533546F3CCD}.Debug|Any CPU.ActiveCfg = Debug|Any CPU
		{DCECA666-606A-46CE-8DB4-A533546F3CCD}.Debug|Any CPU.Build.0 = Debug|Any CPU
		{DCECA666-606A-46CE-8DB4-A533546F3CCD}.Release|Any CPU.ActiveCfg = Release|Any CPU
		{DCECA666-606A-46CE-8DB4-A533546F3CCD}.Release|Any CPU.Build.0 = Release|Any CPU
	EndGlobalSection
	GlobalSection(SolutionProperties) = preSolution
		HideSolutionNode = FALSE
	EndGlobalSection
	GlobalSection(ExtensibilityGlobals) = postSolution
		SolutionGuid = {3DDAE1EC-7B99-4F2B-94FA-5954D66F7E6F}
	EndGlobalSection
EndGlobal
