
Microsoft Visual Studio Solution File, Format Version 12.00
# Visual Studio Version 16
VisualStudioVersion = 16.0.30225.117
MinimumVisualStudioVersion = 10.0.40219.1
Project("{FAE04EC0-301F-11D3-BF4B-00C04F79EFBC}") = "BasicChartApp", "BasicChartApp\BasicChartApp.csproj", "{DCBEC4E0-DEA4-4E43-8016-B2018B5F9629}"
EndProject
Project("{FAE04EC0-301F-11D3-BF4B-00C04F79EFBC}") = "WindowsFormsChartApp", "WindowsFormsChartApp\WindowsFormsChartApp.csproj", "{0CC88FCA-0571-40B2-8B15-85E1F47ACBE2}"
EndProject
Project("{FAE04EC0-301F-11D3-BF4B-00C04F79EFBC}") = "MvvmChartApp", "MvvmChartApp\MvvmChartApp.csproj", "{7D943D8D-FE32-40EF-8D15-9C85A5F17AB6}"
EndProject
Global
	GlobalSection(SolutionConfigurationPlatforms) = preSolution
		Debug|Any CPU = Debug|Any CPU
		Release|Any CPU = Release|Any CPU
	EndGlobalSection
	GlobalSection(ProjectConfigurationPlatforms) = postSolution
		{DCBEC4E0-DEA4-4E43-8016-B2018B5F9629}.Debug|Any CPU.ActiveCfg = Debug|Any CPU
		{DCBEC4E0-DEA4-4E43-8016-B2018B5F9629}.Debug|Any CPU.Build.0 = Debug|Any CPU
		{DCBEC4E0-DEA4-4E43-8016-B2018B5F9629}.Release|Any CPU.ActiveCfg = Release|Any CPU
		{DCBEC4E0-DEA4-4E43-8016-B2018B5F9629}.Release|Any CPU.Build.0 = Release|Any CPU
		{0CC88FCA-0571-40B2-8B15-85E1F47ACBE2}.Debug|Any CPU.ActiveCfg = Debug|Any CPU
		{0CC88FCA-0571-40B2-8B15-85E1F47ACBE2}.Debug|Any CPU.Build.0 = Debug|Any CPU
		{0CC88FCA-0571-40B2-8B15-85E1F47ACBE2}.Release|Any CPU.ActiveCfg = Release|Any CPU
		{0CC88FCA-0571-40B2-8B15-85E1F47ACBE2}.Release|Any CPU.Build.0 = Release|Any CPU
		{7D943D8D-FE32-40EF-8D15-9C85A5F17AB6}.Debug|Any CPU.ActiveCfg = Debug|Any CPU
		{7D943D8D-FE32-40EF-8D15-9C85A5F17AB6}.Debug|Any CPU.Build.0 = Debug|Any CPU
		{7D943D8D-FE32-40EF-8D15-9C85A5F17AB6}.Release|Any CPU.ActiveCfg = Release|Any CPU
		{7D943D8D-FE32-40EF-8D15-9C85A5F17AB6}.Release|Any CPU.Build.0 = Release|Any CPU
	EndGlobalSection
	GlobalSection(SolutionProperties) = preSolution
		HideSolutionNode = FALSE
	EndGlobalSection
	GlobalSection(ExtensibilityGlobals) = postSolution
		SolutionGuid = {97371177-EB5E-45F4-AD06-B12AA0175242}
	EndGlobalSection
EndGlobal
